
Microsoft Visual Studio Solution File, Format Version 12.00
# Visual Studio Version 17
VisualStudioVersion = 17.8.34525.116
MinimumVisualStudioVersion = 10.0.40219.1
Project("{FAE04EC0-301F-11D3-BF4B-00C04F79EFBC}") = "Flettit", "Flettit\Flettit.csproj", "{0796B67C-3A77-4537-8767-2E71A6075885}"
EndProject
Global
	GlobalSection(SolutionConfigurationPlatforms) = preSolution
		Debug|Any CPU = Debug|Any CPU
		Release|Any CPU = Release|Any CPU
	EndGlobalSection
	GlobalSection(ProjectConfigurationPlatforms) = postSolution
		{0796B67C-3A77-4537-8767-2E71A6075885}.Debug|Any CPU.ActiveCfg = Debug|Any CPU
		{0796B67C-3A77-4537-8767-2E71A6075885}.Debug|Any CPU.Build.0 = Debug|Any CPU
		{0796B67C-3A77-4537-8767-2E71A6075885}.Release|Any CPU.ActiveCfg = Release|Any CPU
		{0796B67C-3A77-4537-8767-2E71A6075885}.Release|Any CPU.Build.0 = Release|Any CPU
	EndGlobalSection
	GlobalSection(SolutionProperties) = preSolution
		HideSolutionNode = FALSE
	EndGlobalSection
	GlobalSection(ExtensibilityGlobals) = postSolution
		SolutionGuid = {751582EA-4E56-4724-993B-B2A1566A1A7B}
	EndGlobalSection
EndGlobal
